
Microsoft Visual Studio Solution File, Format Version 12.00
# Visual Studio Version 16
VisualStudioVersion = 16.0.29911.84
MinimumVisualStudioVersion = 10.0.40219.1
Project("{FAE04EC0-301F-11D3-BF4B-00C04F79EFBC}") = "ObjectAndClass", "ObjectAndClass\ObjectAndClass.csproj", "{46B11F06-553D-4925-8EF5-25D8D95F9D54}"
EndProject
Global
	GlobalSection(SolutionConfigurationPlatforms) = preSolution
		Debug|Any CPU = Debug|Any CPU
		Release|Any CPU = Release|Any CPU
	EndGlobalSection
	GlobalSection(ProjectConfigurationPlatforms) = postSolution
		{46B11F06-553D-4925-8EF5-25D8D95F9D54}.Debug|Any CPU.ActiveCfg = Debug|Any CPU
		{46B11F06-553D-4925-8EF5-25D8D95F9D54}.Debug|Any CPU.Build.0 = Debug|Any CPU
		{46B11F06-553D-4925-8EF5-25D8D95F9D54}.Release|Any CPU.ActiveCfg = Release|Any CPU
		{46B11F06-553D-4925-8EF5-25D8D95F9D54}.Release|Any CPU.Build.0 = Release|Any CPU
	EndGlobalSection
	GlobalSection(SolutionProperties) = preSolution
		HideSolutionNode = FALSE
	EndGlobalSection
	GlobalSection(ExtensibilityGlobals) = postSolution
		SolutionGuid = {43BE5CB7-32C5-4E1D-BDDF-FC61922DD039}
	EndGlobalSection
EndGlobal
