
Microsoft Visual Studio Solution File, Format Version 12.00
# Visual Studio Version 16
VisualStudioVersion = 16.0.30002.166
MinimumVisualStudioVersion = 10.0.40219.1
Project("{FAE04EC0-301F-11D3-BF4B-00C04F79EFBC}") = "Anonymous", "Anonymous.csproj", "{2E08D5DE-DFA0-47CF-A501-5FD8A570718C}"
EndProject
Global
	GlobalSection(SolutionConfigurationPlatforms) = preSolution
		Debug|Any CPU = Debug|Any CPU
		Release|Any CPU = Release|Any CPU
	EndGlobalSection
	GlobalSection(ProjectConfigurationPlatforms) = postSolution
		{2E08D5DE-DFA0-47CF-A501-5FD8A570718C}.Debug|Any CPU.ActiveCfg = Debug|Any CPU
		{2E08D5DE-DFA0-47CF-A501-5FD8A570718C}.Debug|Any CPU.Build.0 = Debug|Any CPU
		{2E08D5DE-DFA0-47CF-A501-5FD8A570718C}.Release|Any CPU.ActiveCfg = Release|Any CPU
		{2E08D5DE-DFA0-47CF-A501-5FD8A570718C}.Release|Any CPU.Build.0 = Release|Any CPU
	EndGlobalSection
	GlobalSection(SolutionProperties) = preSolution
		HideSolutionNode = FALSE
	EndGlobalSection
	GlobalSection(ExtensibilityGlobals) = postSolution
		SolutionGuid = {5EDFABBD-C792-4316-BCC6-9504CB37583F}
	EndGlobalSection
EndGlobal
