
Microsoft Visual Studio Solution File, Format Version 12.00
# Visual Studio Version 16
VisualStudioVersion = 16.0.29911.84
MinimumVisualStudioVersion = 10.0.40219.1
Project("{FAE04EC0-301F-11D3-BF4B-00C04F79EFBC}") = "ForLoop-ForEach", "ForLoop-ForEach\ForLoop-ForEach.csproj", "{80F1A893-081C-44D4-AABA-9DD85CAA6363}"
EndProject
Global
	GlobalSection(SolutionConfigurationPlatforms) = preSolution
		Debug|Any CPU = Debug|Any CPU
		Release|Any CPU = Release|Any CPU
	EndGlobalSection
	GlobalSection(ProjectConfigurationPlatforms) = postSolution
		{80F1A893-081C-44D4-AABA-9DD85CAA6363}.Debug|Any CPU.ActiveCfg = Debug|Any CPU
		{80F1A893-081C-44D4-AABA-9DD85CAA6363}.Debug|Any CPU.Build.0 = Debug|Any CPU
		{80F1A893-081C-44D4-AABA-9DD85CAA6363}.Release|Any CPU.ActiveCfg = Release|Any CPU
		{80F1A893-081C-44D4-AABA-9DD85CAA6363}.Release|Any CPU.Build.0 = Release|Any CPU
	EndGlobalSection
	GlobalSection(SolutionProperties) = preSolution
		HideSolutionNode = FALSE
	EndGlobalSection
	GlobalSection(ExtensibilityGlobals) = postSolution
		SolutionGuid = {9634B3B6-750B-4EC6-95F2-C3E62FC5C1A3}
	EndGlobalSection
EndGlobal
