
Microsoft Visual Studio Solution File, Format Version 12.00
# Visual Studio Version 16
VisualStudioVersion = 16.0.30002.166
MinimumVisualStudioVersion = 10.0.40219.1
Project("{FAE04EC0-301F-11D3-BF4B-00C04F79EFBC}") = "93", "93.csproj", "{4EDB5B64-3104-4BE3-B287-50D3B6ED13FA}"
EndProject
Global
	GlobalSection(SolutionConfigurationPlatforms) = preSolution
		Debug|Any CPU = Debug|Any CPU
		Release|Any CPU = Release|Any CPU
	EndGlobalSection
	GlobalSection(ProjectConfigurationPlatforms) = postSolution
		{4EDB5B64-3104-4BE3-B287-50D3B6ED13FA}.Debug|Any CPU.ActiveCfg = Debug|Any CPU
		{4EDB5B64-3104-4BE3-B287-50D3B6ED13FA}.Debug|Any CPU.Build.0 = Debug|Any CPU
		{4EDB5B64-3104-4BE3-B287-50D3B6ED13FA}.Release|Any CPU.ActiveCfg = Release|Any CPU
		{4EDB5B64-3104-4BE3-B287-50D3B6ED13FA}.Release|Any CPU.Build.0 = Release|Any CPU
	EndGlobalSection
	GlobalSection(SolutionProperties) = preSolution
		HideSolutionNode = FALSE
	EndGlobalSection
	GlobalSection(ExtensibilityGlobals) = postSolution
		SolutionGuid = {F395A3CC-8D27-4333-BADF-3B652988AD30}
	EndGlobalSection
EndGlobal
