
Microsoft Visual Studio Solution File, Format Version 12.00
# Visual Studio Version 16
VisualStudioVersion = 16.0.29911.84
MinimumVisualStudioVersion = 10.0.40219.1
Project("{FAE04EC0-301F-11D3-BF4B-00C04F79EFBC}") = "Inheritance", "Inheritance\Inheritance.csproj", "{C26EF5B8-BC78-4E64-A4E0-9594EEC443CD}"
EndProject
Global
	GlobalSection(SolutionConfigurationPlatforms) = preSolution
		Debug|Any CPU = Debug|Any CPU
		Release|Any CPU = Release|Any CPU
	EndGlobalSection
	GlobalSection(ProjectConfigurationPlatforms) = postSolution
		{C26EF5B8-BC78-4E64-A4E0-9594EEC443CD}.Debug|Any CPU.ActiveCfg = Debug|Any CPU
		{C26EF5B8-BC78-4E64-A4E0-9594EEC443CD}.Debug|Any CPU.Build.0 = Debug|Any CPU
		{C26EF5B8-BC78-4E64-A4E0-9594EEC443CD}.Release|Any CPU.ActiveCfg = Release|Any CPU
		{C26EF5B8-BC78-4E64-A4E0-9594EEC443CD}.Release|Any CPU.Build.0 = Release|Any CPU
	EndGlobalSection
	GlobalSection(SolutionProperties) = preSolution
		HideSolutionNode = FALSE
	EndGlobalSection
	GlobalSection(ExtensibilityGlobals) = postSolution
		SolutionGuid = {CD812C46-EA43-4299-A56B-DCE11CACC7F4}
	EndGlobalSection
EndGlobal
