
Microsoft Visual Studio Solution File, Format Version 12.00
# Visual Studio Version 16
VisualStudioVersion = 16.0.30002.166
MinimumVisualStudioVersion = 10.0.40219.1
Project("{FAE04EC0-301F-11D3-BF4B-00C04F79EFBC}") = "poly", "poly.csproj", "{619BDE8B-B17D-40F0-83DB-49327FFBCE34}"
EndProject
Global
	GlobalSection(SolutionConfigurationPlatforms) = preSolution
		Debug|Any CPU = Debug|Any CPU
		Release|Any CPU = Release|Any CPU
	EndGlobalSection
	GlobalSection(ProjectConfigurationPlatforms) = postSolution
		{619BDE8B-B17D-40F0-83DB-49327FFBCE34}.Debug|Any CPU.ActiveCfg = Debug|Any CPU
		{619BDE8B-B17D-40F0-83DB-49327FFBCE34}.Debug|Any CPU.Build.0 = Debug|Any CPU
		{619BDE8B-B17D-40F0-83DB-49327FFBCE34}.Release|Any CPU.ActiveCfg = Release|Any CPU
		{619BDE8B-B17D-40F0-83DB-49327FFBCE34}.Release|Any CPU.Build.0 = Release|Any CPU
	EndGlobalSection
	GlobalSection(SolutionProperties) = preSolution
		HideSolutionNode = FALSE
	EndGlobalSection
	GlobalSection(ExtensibilityGlobals) = postSolution
		SolutionGuid = {89E6AF9F-5672-4749-B0D0-65AC6CBA141D}
	EndGlobalSection
EndGlobal
