
Microsoft Visual Studio Solution File, Format Version 12.00
# Visual Studio Version 16
VisualStudioVersion = 16.0.29911.84
MinimumVisualStudioVersion = 10.0.40219.1
Project("{FAE04EC0-301F-11D3-BF4B-00C04F79EFBC}") = "MulticastDelegates", "MulticastDelegates\MulticastDelegates.csproj", "{329367A7-A29C-4E00-A395-ED9B36A516EF}"
EndProject
Global
	GlobalSection(SolutionConfigurationPlatforms) = preSolution
		Debug|Any CPU = Debug|Any CPU
		Release|Any CPU = Release|Any CPU
	EndGlobalSection
	GlobalSection(ProjectConfigurationPlatforms) = postSolution
		{329367A7-A29C-4E00-A395-ED9B36A516EF}.Debug|Any CPU.ActiveCfg = Debug|Any CPU
		{329367A7-A29C-4E00-A395-ED9B36A516EF}.Debug|Any CPU.Build.0 = Debug|Any CPU
		{329367A7-A29C-4E00-A395-ED9B36A516EF}.Release|Any CPU.ActiveCfg = Release|Any CPU
		{329367A7-A29C-4E00-A395-ED9B36A516EF}.Release|Any CPU.Build.0 = Release|Any CPU
	EndGlobalSection
	GlobalSection(SolutionProperties) = preSolution
		HideSolutionNode = FALSE
	EndGlobalSection
	GlobalSection(ExtensibilityGlobals) = postSolution
		SolutionGuid = {0873CAA4-FC3D-4BCA-86C4-D5D5DFC31BD4}
	EndGlobalSection
EndGlobal
