
Microsoft Visual Studio Solution File, Format Version 12.00
# Visual Studio Version 16
VisualStudioVersion = 16.0.30002.166
MinimumVisualStudioVersion = 10.0.40219.1
Project("{FAE04EC0-301F-11D3-BF4B-00C04F79EFBC}") = "WebApplication1", "WebApplication1\WebApplication1.csproj", "{AE319FC4-19D2-469D-B574-CCAB73B88EA3}"
EndProject
Global
	GlobalSection(SolutionConfigurationPlatforms) = preSolution
		Debug|Any CPU = Debug|Any CPU
		Release|Any CPU = Release|Any CPU
	EndGlobalSection
	GlobalSection(ProjectConfigurationPlatforms) = postSolution
		{AE319FC4-19D2-469D-B574-CCAB73B88EA3}.Debug|Any CPU.ActiveCfg = Debug|Any CPU
		{AE319FC4-19D2-469D-B574-CCAB73B88EA3}.Debug|Any CPU.Build.0 = Debug|Any CPU
		{AE319FC4-19D2-469D-B574-CCAB73B88EA3}.Release|Any CPU.ActiveCfg = Release|Any CPU
		{AE319FC4-19D2-469D-B574-CCAB73B88EA3}.Release|Any CPU.Build.0 = Release|Any CPU
	EndGlobalSection
	GlobalSection(SolutionProperties) = preSolution
		HideSolutionNode = FALSE
	EndGlobalSection
	GlobalSection(ExtensibilityGlobals) = postSolution
		SolutionGuid = {4D0D5FD0-2317-467A-AFCC-CDF07310C21E}
	EndGlobalSection
EndGlobal
