<<<<<<< HEAD
﻿
Microsoft Visual Studio Solution File, Format Version 12.00
# Visual Studio Version 16
VisualStudioVersion = 16.0.30002.166
MinimumVisualStudioVersion = 10.0.40219.1
Project("{FAE04EC0-301F-11D3-BF4B-00C04F79EFBC}") = "Reflection1", "Reflection1.csproj", "{5675233D-156D-4BD5-B9FD-11C07719E6F8}"
EndProject
Global
	GlobalSection(SolutionConfigurationPlatforms) = preSolution
		Debug|Any CPU = Debug|Any CPU
		Release|Any CPU = Release|Any CPU
	EndGlobalSection
	GlobalSection(ProjectConfigurationPlatforms) = postSolution
		{5675233D-156D-4BD5-B9FD-11C07719E6F8}.Debug|Any CPU.ActiveCfg = Debug|Any CPU
		{5675233D-156D-4BD5-B9FD-11C07719E6F8}.Debug|Any CPU.Build.0 = Debug|Any CPU
		{5675233D-156D-4BD5-B9FD-11C07719E6F8}.Release|Any CPU.ActiveCfg = Release|Any CPU
		{5675233D-156D-4BD5-B9FD-11C07719E6F8}.Release|Any CPU.Build.0 = Release|Any CPU
	EndGlobalSection
	GlobalSection(SolutionProperties) = preSolution
		HideSolutionNode = FALSE
	EndGlobalSection
	GlobalSection(ExtensibilityGlobals) = postSolution
		SolutionGuid = {B5868F33-39CA-45EF-BB72-0A3C05BC538E}
	EndGlobalSection
EndGlobal
=======
﻿
Microsoft Visual Studio Solution File, Format Version 12.00
# Visual Studio Version 16
VisualStudioVersion = 16.0.30002.166
MinimumVisualStudioVersion = 10.0.40219.1
Project("{FAE04EC0-301F-11D3-BF4B-00C04F79EFBC}") = "Reflection1", "Reflection1.csproj", "{5675233D-156D-4BD5-B9FD-11C07719E6F8}"
EndProject
Global
	GlobalSection(SolutionConfigurationPlatforms) = preSolution
		Debug|Any CPU = Debug|Any CPU
		Release|Any CPU = Release|Any CPU
	EndGlobalSection
	GlobalSection(ProjectConfigurationPlatforms) = postSolution
		{5675233D-156D-4BD5-B9FD-11C07719E6F8}.Debug|Any CPU.ActiveCfg = Debug|Any CPU
		{5675233D-156D-4BD5-B9FD-11C07719E6F8}.Debug|Any CPU.Build.0 = Debug|Any CPU
		{5675233D-156D-4BD5-B9FD-11C07719E6F8}.Release|Any CPU.ActiveCfg = Release|Any CPU
		{5675233D-156D-4BD5-B9FD-11C07719E6F8}.Release|Any CPU.Build.0 = Release|Any CPU
	EndGlobalSection
	GlobalSection(SolutionProperties) = preSolution
		HideSolutionNode = FALSE
	EndGlobalSection
	GlobalSection(ExtensibilityGlobals) = postSolution
		SolutionGuid = {B5868F33-39CA-45EF-BB72-0A3C05BC538E}
	EndGlobalSection
EndGlobal
>>>>>>> 3a2589c16a379f05e76bc0b76955d6a3b62be7a7
