
Microsoft Visual Studio Solution File, Format Version 12.00
# Visual Studio Version 16
VisualStudioVersion = 16.0.29911.84
MinimumVisualStudioVersion = 10.0.40219.1
Project("{FAE04EC0-301F-11D3-BF4B-00C04F79EFBC}") = "WhileLoop", "WhileLoop\WhileLoop.csproj", "{B09F4B45-2C6E-4656-9E04-7DBF3995252C}"
EndProject
Global
	GlobalSection(SolutionConfigurationPlatforms) = preSolution
		Debug|Any CPU = Debug|Any CPU
		Release|Any CPU = Release|Any CPU
	EndGlobalSection
	GlobalSection(ProjectConfigurationPlatforms) = postSolution
		{B09F4B45-2C6E-4656-9E04-7DBF3995252C}.Debug|Any CPU.ActiveCfg = Debug|Any CPU
		{B09F4B45-2C6E-4656-9E04-7DBF3995252C}.Debug|Any CPU.Build.0 = Debug|Any CPU
		{B09F4B45-2C6E-4656-9E04-7DBF3995252C}.Release|Any CPU.ActiveCfg = Release|Any CPU
		{B09F4B45-2C6E-4656-9E04-7DBF3995252C}.Release|Any CPU.Build.0 = Release|Any CPU
	EndGlobalSection
	GlobalSection(SolutionProperties) = preSolution
		HideSolutionNode = FALSE
	EndGlobalSection
	GlobalSection(ExtensibilityGlobals) = postSolution
		SolutionGuid = {CE5291E5-DD79-4DA4-BBA9-8D3F3241F512}
	EndGlobalSection
EndGlobal
