
Microsoft Visual Studio Solution File, Format Version 12.00
# Visual Studio Version 16
VisualStudioVersion = 16.0.30002.166
MinimumVisualStudioVersion = 10.0.40219.1
Project("{FAE04EC0-301F-11D3-BF4B-00C04F79EFBC}") = "Func_Delegate", "Func_Delegate.csproj", "{820713F6-3D33-44D8-9900-2AD5FEDEE023}"
EndProject
Global
	GlobalSection(SolutionConfigurationPlatforms) = preSolution
		Debug|Any CPU = Debug|Any CPU
		Release|Any CPU = Release|Any CPU
	EndGlobalSection
	GlobalSection(ProjectConfigurationPlatforms) = postSolution
		{820713F6-3D33-44D8-9900-2AD5FEDEE023}.Debug|Any CPU.ActiveCfg = Debug|Any CPU
		{820713F6-3D33-44D8-9900-2AD5FEDEE023}.Debug|Any CPU.Build.0 = Debug|Any CPU
		{820713F6-3D33-44D8-9900-2AD5FEDEE023}.Release|Any CPU.ActiveCfg = Release|Any CPU
		{820713F6-3D33-44D8-9900-2AD5FEDEE023}.Release|Any CPU.Build.0 = Release|Any CPU
	EndGlobalSection
	GlobalSection(SolutionProperties) = preSolution
		HideSolutionNode = FALSE
	EndGlobalSection
	GlobalSection(ExtensibilityGlobals) = postSolution
		SolutionGuid = {09FC372F-5698-437A-B713-947818AD120F}
	EndGlobalSection
EndGlobal
