
Microsoft Visual Studio Solution File, Format Version 12.00
# Visual Studio Version 16
VisualStudioVersion = 16.0.30002.166
MinimumVisualStudioVersion = 10.0.40219.1
Project("{FAE04EC0-301F-11D3-BF4B-00C04F79EFBC}") = "Abstract1", "Abstract1.csproj", "{57BEE3BD-0621-49B7-BAD6-A22D9B44BD97}"
EndProject
Global
	GlobalSection(SolutionConfigurationPlatforms) = preSolution
		Debug|Any CPU = Debug|Any CPU
		Release|Any CPU = Release|Any CPU
	EndGlobalSection
	GlobalSection(ProjectConfigurationPlatforms) = postSolution
		{57BEE3BD-0621-49B7-BAD6-A22D9B44BD97}.Debug|Any CPU.ActiveCfg = Debug|Any CPU
		{57BEE3BD-0621-49B7-BAD6-A22D9B44BD97}.Debug|Any CPU.Build.0 = Debug|Any CPU
		{57BEE3BD-0621-49B7-BAD6-A22D9B44BD97}.Release|Any CPU.ActiveCfg = Release|Any CPU
		{57BEE3BD-0621-49B7-BAD6-A22D9B44BD97}.Release|Any CPU.Build.0 = Release|Any CPU
	EndGlobalSection
	GlobalSection(SolutionProperties) = preSolution
		HideSolutionNode = FALSE
	EndGlobalSection
	GlobalSection(ExtensibilityGlobals) = postSolution
		SolutionGuid = {4EE8F3F5-5C0C-4D6F-B40A-84E177437D2F}
	EndGlobalSection
EndGlobal
