
Microsoft Visual Studio Solution File, Format Version 12.00
# Visual Studio Version 16
VisualStudioVersion = 16.0.30002.166
MinimumVisualStudioVersion = 10.0.40219.1
Project("{FAE04EC0-301F-11D3-BF4B-00C04F79EFBC}") = "Thread_Join_IsAlive", "Thread_Join_IsAlive.csproj", "{685735A6-64CE-46E4-AFDD-CC29869B00A3}"
EndProject
Global
	GlobalSection(SolutionConfigurationPlatforms) = preSolution
		Debug|Any CPU = Debug|Any CPU
		Release|Any CPU = Release|Any CPU
	EndGlobalSection
	GlobalSection(ProjectConfigurationPlatforms) = postSolution
		{685735A6-64CE-46E4-AFDD-CC29869B00A3}.Debug|Any CPU.ActiveCfg = Debug|Any CPU
		{685735A6-64CE-46E4-AFDD-CC29869B00A3}.Debug|Any CPU.Build.0 = Debug|Any CPU
		{685735A6-64CE-46E4-AFDD-CC29869B00A3}.Release|Any CPU.ActiveCfg = Release|Any CPU
		{685735A6-64CE-46E4-AFDD-CC29869B00A3}.Release|Any CPU.Build.0 = Release|Any CPU
	EndGlobalSection
	GlobalSection(SolutionProperties) = preSolution
		HideSolutionNode = FALSE
	EndGlobalSection
	GlobalSection(ExtensibilityGlobals) = postSolution
		SolutionGuid = {3B2C4D81-3D83-458F-A0A9-7C0BC0153AB8}
	EndGlobalSection
EndGlobal
